
Microsoft Visual Studio Solution File, Format Version 12.00
# Visual Studio Version 16
VisualStudioVersion = 16.0.29230.47
MinimumVisualStudioVersion = 10.0.40219.1
Project("{FAE04EC0-301F-11D3-BF4B-00C04F79EFBC}") = "Factorial_Program", "Factorial_Program\Factorial_Program.csproj", "{D803AE97-43A1-4F1E-8806-E5CE6E2AA170}"
EndProject
Global
	GlobalSection(SolutionConfigurationPlatforms) = preSolution
		Debug|Any CPU = Debug|Any CPU
		Release|Any CPU = Release|Any CPU
	EndGlobalSection
	GlobalSection(ProjectConfigurationPlatforms) = postSolution
		{D803AE97-43A1-4F1E-8806-E5CE6E2AA170}.Debug|Any CPU.ActiveCfg = Debug|Any CPU
		{D803AE97-43A1-4F1E-8806-E5CE6E2AA170}.Debug|Any CPU.Build.0 = Debug|Any CPU
		{D803AE97-43A1-4F1E-8806-E5CE6E2AA170}.Release|Any CPU.ActiveCfg = Release|Any CPU
		{D803AE97-43A1-4F1E-8806-E5CE6E2AA170}.Release|Any CPU.Build.0 = Release|Any CPU
	EndGlobalSection
	GlobalSection(SolutionProperties) = preSolution
		HideSolutionNode = FALSE
	EndGlobalSection
	GlobalSection(ExtensibilityGlobals) = postSolution
		SolutionGuid = {63266D7F-068D-4202-9778-72D6AAE08EB0}
	EndGlobalSection
EndGlobal
